
Microsoft Visual Studio Solution File, Format Version 12.00
# Visual Studio Version 17
VisualStudioVersion = 17.4.33110.190
MinimumVisualStudioVersion = 10.0.40219.1
Project("{FAE04EC0-301F-11D3-BF4B-00C04F79EFBC}") = "SpendingApp", "SpendingApp\SpendingApp.csproj", "{02FA95D6-ED8B-4B3B-916E-1D868A3E2B30}"
EndProject
Global
	GlobalSection(SolutionConfigurationPlatforms) = preSolution
		Debug|Any CPU = Debug|Any CPU
		Release|Any CPU = Release|Any CPU
	EndGlobalSection
	GlobalSection(ProjectConfigurationPlatforms) = postSolution
		{02FA95D6-ED8B-4B3B-916E-1D868A3E2B30}.Debug|Any CPU.ActiveCfg = Debug|Any CPU
		{02FA95D6-ED8B-4B3B-916E-1D868A3E2B30}.Debug|Any CPU.Build.0 = Debug|Any CPU
		{02FA95D6-ED8B-4B3B-916E-1D868A3E2B30}.Release|Any CPU.ActiveCfg = Release|Any CPU
		{02FA95D6-ED8B-4B3B-916E-1D868A3E2B30}.Release|Any CPU.Build.0 = Release|Any CPU
	EndGlobalSection
	GlobalSection(SolutionProperties) = preSolution
		HideSolutionNode = FALSE
	EndGlobalSection
	GlobalSection(ExtensibilityGlobals) = postSolution
		SolutionGuid = {AA5A4F03-5CF4-415A-9F23-B856B54C3A2D}
	EndGlobalSection
EndGlobal
